
Microsoft Visual Studio Solution File, Format Version 12.00
# Visual Studio Version 17
VisualStudioVersion = 17.7.34031.279
MinimumVisualStudioVersion = 10.0.40219.1
Project("{9A19103F-16F7-4668-BE54-9A1E7A4F7556}") = "Exercicios", "Exercicios\Exercicios.csproj", "{8C04A74C-CA6E-4D09-BADD-A5FF7BCE4E7D}"
EndProject
Project("{9A19103F-16F7-4668-BE54-9A1E7A4F7556}") = "1156", "1156\1156.csproj", "{A5043289-C68F-40E8-99D9-E19B9AB2E199}"
EndProject
Project("{9A19103F-16F7-4668-BE54-9A1E7A4F7556}") = "1151", "1151\1151.csproj", "{5875F46C-7B23-46E2-B675-EEE97BEA0EF8}"
EndProject
Project("{9A19103F-16F7-4668-BE54-9A1E7A4F7556}") = "1153", "1153\1153.csproj", "{AD7E90E5-5252-44C0-91D4-2DE185A6F0AB}"
EndProject
Project("{9A19103F-16F7-4668-BE54-9A1E7A4F7556}") = "1142", "1142\1142.csproj", "{255E1964-6032-4638-8735-BCB5480FA16A}"
EndProject
Project("{9A19103F-16F7-4668-BE54-9A1E7A4F7556}") = "1143", "1143\1143.csproj", "{6A1A8CB3-D232-48AA-BD73-C3F9C609D57A}"
EndProject
Project("{9A19103F-16F7-4668-BE54-9A1E7A4F7556}") = "1144", "1144\1144.csproj", "{E12F4977-85A9-4450-BAA3-AE62C42F85B1}"
EndProject
Project("{9A19103F-16F7-4668-BE54-9A1E7A4F7556}") = "1155", "1155\1155.csproj", "{A54DDDEB-1919-422D-8163-D2D9BD40C42F}"
EndProject
Project("{9A19103F-16F7-4668-BE54-9A1E7A4F7556}") = "1133", "1071\1133.csproj", "{A9620207-0F02-4A0F-8916-79A6DBF12763}"
EndProject
Project("{9A19103F-16F7-4668-BE54-9A1E7A4F7556}") = "1097", "1097\1097.csproj", "{F49D4634-484A-440D-B2BD-08EF51617B82}"
EndProject
Project("{9A19103F-16F7-4668-BE54-9A1E7A4F7556}") = "1132", "1132\1132.csproj", "{6C03B1FB-D069-45F9-9829-4FFBF448CBF2}"
EndProject
Project("{9A19103F-16F7-4668-BE54-9A1E7A4F7556}") = "1094", "1094\1094.csproj", "{3F0483ED-C49E-4EA5-BB33-E1CE59F9C741}"
EndProject
Project("{9A19103F-16F7-4668-BE54-9A1E7A4F7556}") = "1079", "1079\1079.csproj", "{C2D071DE-B90C-4CB5-9A59-F70DE104F208}"
EndProject
Project("{9A19103F-16F7-4668-BE54-9A1E7A4F7556}") = "1080", "1080\1080.csproj", "{7A4A22D9-B627-4C7D-8054-1E71EBA5E748}"
EndProject
Project("{9A19103F-16F7-4668-BE54-9A1E7A4F7556}") = "1074", "1074\1074.csproj", "{601ECAAA-457D-4DE7-A8D1-32E3A7301AF8}"
EndProject
Project("{9A19103F-16F7-4668-BE54-9A1E7A4F7556}") = "1075", "1075\1075.csproj", "{B5984798-F8B7-4CA9-991E-38A78DB4C49C}"
EndProject
Project("{9A19103F-16F7-4668-BE54-9A1E7A4F7556}") = "1073", "1073\1073.csproj", "{CB87DA0A-1D99-42AD-AFF4-BE34BE300401}"
EndProject
Project("{9A19103F-16F7-4668-BE54-9A1E7A4F7556}") = "1071", "1071.2\1071.csproj", "{4B636504-62E8-4EEE-ACEA-A8B15D98AE73}"
EndProject
Project("{9A19103F-16F7-4668-BE54-9A1E7A4F7556}") = "1072", "1072\1072.csproj", "{A5A0B3F4-56AE-46FB-86C5-5ED2F3B3A941}"
EndProject
Project("{9A19103F-16F7-4668-BE54-9A1E7A4F7556}") = "1060", "1060\1060.csproj", "{DE25D025-5F7C-4DFA-A3C5-CFE15B1E4803}"
EndProject
Project("{9A19103F-16F7-4668-BE54-9A1E7A4F7556}") = "1065", "1065\1065.csproj", "{8BEB842B-7F67-4E9D-8E5F-1D88297DCCE8}"
EndProject
Project("{9A19103F-16F7-4668-BE54-9A1E7A4F7556}") = "1067", "1067\1067.csproj", "{98CF777D-FEAC-4B7D-A635-9792FC8C8767}"
EndProject
Project("{9A19103F-16F7-4668-BE54-9A1E7A4F7556}") = "1058", "1058\1058.csproj", "{BAF8966A-F127-4573-BD14-AC9009032B7A}"
EndProject
Project("{9A19103F-16F7-4668-BE54-9A1E7A4F7556}") = "1101", "1101\1101.csproj", "{271BEC4E-B044-4A56-87A9-421605B684A3}"
EndProject
Project("{9A19103F-16F7-4668-BE54-9A1E7A4F7556}") = "1049", "1049\1049.csproj", "{9191DDC0-1080-48C5-B5A5-9BC7F6DD0760}"
EndProject
Project("{9A19103F-16F7-4668-BE54-9A1E7A4F7556}") = "1150", "1150\1150.csproj", "{35F36091-43AF-4D33-904E-E50E5AA03D16}"
EndProject
Project("{9A19103F-16F7-4668-BE54-9A1E7A4F7556}") = "1099", "1099\1099.csproj", "{1DA7EA61-3525-41AC-9498-4B9468F07A6C}"
EndProject
Project("{9A19103F-16F7-4668-BE54-9A1E7A4F7556}") = "1101.2", "1101.2\1101.2.csproj", "{4D312FDE-6708-48EE-9BBA-BFBE9106C1C1}"
EndProject
Project("{FAE04EC0-301F-11D3-BF4B-00C04F79EFBC}") = "1096", "1096\1096.csproj", "{81582260-8A24-43FD-8331-0D073C3CFBE3}"
EndProject
Project("{FAE04EC0-301F-11D3-BF4B-00C04F79EFBC}") = "Desafio1149", "..\..\..\..\..\Downloads\Exercicios4mar\Exercicios4mar\Desafio1149\Desafio1149.csproj", "{9D1BC91E-B460-4C87-9643-7B795216AF3E}"
EndProject
Global
	GlobalSection(SolutionConfigurationPlatforms) = preSolution
		Debug|Any CPU = Debug|Any CPU
		Release|Any CPU = Release|Any CPU
	EndGlobalSection
	GlobalSection(ProjectConfigurationPlatforms) = postSolution
		{8C04A74C-CA6E-4D09-BADD-A5FF7BCE4E7D}.Debug|Any CPU.ActiveCfg = Debug|Any CPU
		{8C04A74C-CA6E-4D09-BADD-A5FF7BCE4E7D}.Debug|Any CPU.Build.0 = Debug|Any CPU
		{8C04A74C-CA6E-4D09-BADD-A5FF7BCE4E7D}.Release|Any CPU.ActiveCfg = Release|Any CPU
		{8C04A74C-CA6E-4D09-BADD-A5FF7BCE4E7D}.Release|Any CPU.Build.0 = Release|Any CPU
		{A5043289-C68F-40E8-99D9-E19B9AB2E199}.Debug|Any CPU.ActiveCfg = Debug|Any CPU
		{A5043289-C68F-40E8-99D9-E19B9AB2E199}.Debug|Any CPU.Build.0 = Debug|Any CPU
		{A5043289-C68F-40E8-99D9-E19B9AB2E199}.Release|Any CPU.ActiveCfg = Release|Any CPU
		{A5043289-C68F-40E8-99D9-E19B9AB2E199}.Release|Any CPU.Build.0 = Release|Any CPU
		{5875F46C-7B23-46E2-B675-EEE97BEA0EF8}.Debug|Any CPU.ActiveCfg = Debug|Any CPU
		{5875F46C-7B23-46E2-B675-EEE97BEA0EF8}.Debug|Any CPU.Build.0 = Debug|Any CPU
		{5875F46C-7B23-46E2-B675-EEE97BEA0EF8}.Release|Any CPU.ActiveCfg = Release|Any CPU
		{5875F46C-7B23-46E2-B675-EEE97BEA0EF8}.Release|Any CPU.Build.0 = Release|Any CPU
		{AD7E90E5-5252-44C0-91D4-2DE185A6F0AB}.Debug|Any CPU.ActiveCfg = Debug|Any CPU
		{AD7E90E5-5252-44C0-91D4-2DE185A6F0AB}.Debug|Any CPU.Build.0 = Debug|Any CPU
		{AD7E90E5-5252-44C0-91D4-2DE185A6F0AB}.Release|Any CPU.ActiveCfg = Release|Any CPU
		{AD7E90E5-5252-44C0-91D4-2DE185A6F0AB}.Release|Any CPU.Build.0 = Release|Any CPU
		{255E1964-6032-4638-8735-BCB5480FA16A}.Debug|Any CPU.ActiveCfg = Debug|Any CPU
		{255E1964-6032-4638-8735-BCB5480FA16A}.Debug|Any CPU.Build.0 = Debug|Any CPU
		{255E1964-6032-4638-8735-BCB5480FA16A}.Release|Any CPU.ActiveCfg = Release|Any CPU
		{255E1964-6032-4638-8735-BCB5480FA16A}.Release|Any CPU.Build.0 = Release|Any CPU
		{6A1A8CB3-D232-48AA-BD73-C3F9C609D57A}.Debug|Any CPU.ActiveCfg = Debug|Any CPU
		{6A1A8CB3-D232-48AA-BD73-C3F9C609D57A}.Debug|Any CPU.Build.0 = Debug|Any CPU
		{6A1A8CB3-D232-48AA-BD73-C3F9C609D57A}.Release|Any CPU.ActiveCfg = Release|Any CPU
		{6A1A8CB3-D232-48AA-BD73-C3F9C609D57A}.Release|Any CPU.Build.0 = Release|Any CPU
		{E12F4977-85A9-4450-BAA3-AE62C42F85B1}.Debug|Any CPU.ActiveCfg = Debug|Any CPU
		{E12F4977-85A9-4450-BAA3-AE62C42F85B1}.Debug|Any CPU.Build.0 = Debug|Any CPU
		{E12F4977-85A9-4450-BAA3-AE62C42F85B1}.Release|Any CPU.ActiveCfg = Release|Any CPU
		{E12F4977-85A9-4450-BAA3-AE62C42F85B1}.Release|Any CPU.Build.0 = Release|Any CPU
		{A54DDDEB-1919-422D-8163-D2D9BD40C42F}.Debug|Any CPU.ActiveCfg = Debug|Any CPU
		{A54DDDEB-1919-422D-8163-D2D9BD40C42F}.Debug|Any CPU.Build.0 = Debug|Any CPU
		{A54DDDEB-1919-422D-8163-D2D9BD40C42F}.Release|Any CPU.ActiveCfg = Release|Any CPU
		{A54DDDEB-1919-422D-8163-D2D9BD40C42F}.Release|Any CPU.Build.0 = Release|Any CPU
		{A9620207-0F02-4A0F-8916-79A6DBF12763}.Debug|Any CPU.ActiveCfg = Debug|Any CPU
		{A9620207-0F02-4A0F-8916-79A6DBF12763}.Debug|Any CPU.Build.0 = Debug|Any CPU
		{A9620207-0F02-4A0F-8916-79A6DBF12763}.Release|Any CPU.ActiveCfg = Release|Any CPU
		{A9620207-0F02-4A0F-8916-79A6DBF12763}.Release|Any CPU.Build.0 = Release|Any CPU
		{F49D4634-484A-440D-B2BD-08EF51617B82}.Debug|Any CPU.ActiveCfg = Debug|Any CPU
		{F49D4634-484A-440D-B2BD-08EF51617B82}.Debug|Any CPU.Build.0 = Debug|Any CPU
		{F49D4634-484A-440D-B2BD-08EF51617B82}.Release|Any CPU.ActiveCfg = Release|Any CPU
		{F49D4634-484A-440D-B2BD-08EF51617B82}.Release|Any CPU.Build.0 = Release|Any CPU
		{6C03B1FB-D069-45F9-9829-4FFBF448CBF2}.Debug|Any CPU.ActiveCfg = Debug|Any CPU
		{6C03B1FB-D069-45F9-9829-4FFBF448CBF2}.Debug|Any CPU.Build.0 = Debug|Any CPU
		{6C03B1FB-D069-45F9-9829-4FFBF448CBF2}.Release|Any CPU.ActiveCfg = Release|Any CPU
		{6C03B1FB-D069-45F9-9829-4FFBF448CBF2}.Release|Any CPU.Build.0 = Release|Any CPU
		{3F0483ED-C49E-4EA5-BB33-E1CE59F9C741}.Debug|Any CPU.ActiveCfg = Debug|Any CPU
		{3F0483ED-C49E-4EA5-BB33-E1CE59F9C741}.Debug|Any CPU.Build.0 = Debug|Any CPU
		{3F0483ED-C49E-4EA5-BB33-E1CE59F9C741}.Release|Any CPU.ActiveCfg = Release|Any CPU
		{3F0483ED-C49E-4EA5-BB33-E1CE59F9C741}.Release|Any CPU.Build.0 = Release|Any CPU
		{C2D071DE-B90C-4CB5-9A59-F70DE104F208}.Debug|Any CPU.ActiveCfg = Debug|Any CPU
		{C2D071DE-B90C-4CB5-9A59-F70DE104F208}.Debug|Any CPU.Build.0 = Debug|Any CPU
		{C2D071DE-B90C-4CB5-9A59-F70DE104F208}.Release|Any CPU.ActiveCfg = Release|Any CPU
		{C2D071DE-B90C-4CB5-9A59-F70DE104F208}.Release|Any CPU.Build.0 = Release|Any CPU
		{7A4A22D9-B627-4C7D-8054-1E71EBA5E748}.Debug|Any CPU.ActiveCfg = Debug|Any CPU
		{7A4A22D9-B627-4C7D-8054-1E71EBA5E748}.Debug|Any CPU.Build.0 = Debug|Any CPU
		{7A4A22D9-B627-4C7D-8054-1E71EBA5E748}.Release|Any CPU.ActiveCfg = Release|Any CPU
		{7A4A22D9-B627-4C7D-8054-1E71EBA5E748}.Release|Any CPU.Build.0 = Release|Any CPU
		{601ECAAA-457D-4DE7-A8D1-32E3A7301AF8}.Debug|Any CPU.ActiveCfg = Debug|Any CPU
		{601ECAAA-457D-4DE7-A8D1-32E3A7301AF8}.Debug|Any CPU.Build.0 = Debug|Any CPU
		{601ECAAA-457D-4DE7-A8D1-32E3A7301AF8}.Release|Any CPU.ActiveCfg = Release|Any CPU
		{601ECAAA-457D-4DE7-A8D1-32E3A7301AF8}.Release|Any CPU.Build.0 = Release|Any CPU
		{B5984798-F8B7-4CA9-991E-38A78DB4C49C}.Debug|Any CPU.ActiveCfg = Debug|Any CPU
		{B5984798-F8B7-4CA9-991E-38A78DB4C49C}.Debug|Any CPU.Build.0 = Debug|Any CPU
		{B5984798-F8B7-4CA9-991E-38A78DB4C49C}.Release|Any CPU.ActiveCfg = Release|Any CPU
		{B5984798-F8B7-4CA9-991E-38A78DB4C49C}.Release|Any CPU.Build.0 = Release|Any CPU
		{CB87DA0A-1D99-42AD-AFF4-BE34BE300401}.Debug|Any CPU.ActiveCfg = Debug|Any CPU
		{CB87DA0A-1D99-42AD-AFF4-BE34BE300401}.Debug|Any CPU.Build.0 = Debug|Any CPU
		{CB87DA0A-1D99-42AD-AFF4-BE34BE300401}.Release|Any CPU.ActiveCfg = Release|Any CPU
		{CB87DA0A-1D99-42AD-AFF4-BE34BE300401}.Release|Any CPU.Build.0 = Release|Any CPU
		{4B636504-62E8-4EEE-ACEA-A8B15D98AE73}.Debug|Any CPU.ActiveCfg = Debug|Any CPU
		{4B636504-62E8-4EEE-ACEA-A8B15D98AE73}.Debug|Any CPU.Build.0 = Debug|Any CPU
		{4B636504-62E8-4EEE-ACEA-A8B15D98AE73}.Release|Any CPU.ActiveCfg = Release|Any CPU
		{4B636504-62E8-4EEE-ACEA-A8B15D98AE73}.Release|Any CPU.Build.0 = Release|Any CPU
		{A5A0B3F4-56AE-46FB-86C5-5ED2F3B3A941}.Debug|Any CPU.ActiveCfg = Debug|Any CPU
		{A5A0B3F4-56AE-46FB-86C5-5ED2F3B3A941}.Debug|Any CPU.Build.0 = Debug|Any CPU
		{A5A0B3F4-56AE-46FB-86C5-5ED2F3B3A941}.Release|Any CPU.ActiveCfg = Release|Any CPU
		{A5A0B3F4-56AE-46FB-86C5-5ED2F3B3A941}.Release|Any CPU.Build.0 = Release|Any CPU
		{DE25D025-5F7C-4DFA-A3C5-CFE15B1E4803}.Debug|Any CPU.ActiveCfg = Debug|Any CPU
		{DE25D025-5F7C-4DFA-A3C5-CFE15B1E4803}.Debug|Any CPU.Build.0 = Debug|Any CPU
		{DE25D025-5F7C-4DFA-A3C5-CFE15B1E4803}.Release|Any CPU.ActiveCfg = Release|Any CPU
		{DE25D025-5F7C-4DFA-A3C5-CFE15B1E4803}.Release|Any CPU.Build.0 = Release|Any CPU
		{8BEB842B-7F67-4E9D-8E5F-1D88297DCCE8}.Debug|Any CPU.ActiveCfg = Debug|Any CPU
		{8BEB842B-7F67-4E9D-8E5F-1D88297DCCE8}.Debug|Any CPU.Build.0 = Debug|Any CPU
		{8BEB842B-7F67-4E9D-8E5F-1D88297DCCE8}.Release|Any CPU.ActiveCfg = Release|Any CPU
		{8BEB842B-7F67-4E9D-8E5F-1D88297DCCE8}.Release|Any CPU.Build.0 = Release|Any CPU
		{98CF777D-FEAC-4B7D-A635-9792FC8C8767}.Debug|Any CPU.ActiveCfg = Debug|Any CPU
		{98CF777D-FEAC-4B7D-A635-9792FC8C8767}.Debug|Any CPU.Build.0 = Debug|Any CPU
		{98CF777D-FEAC-4B7D-A635-9792FC8C8767}.Release|Any CPU.ActiveCfg = Release|Any CPU
		{98CF777D-FEAC-4B7D-A635-9792FC8C8767}.Release|Any CPU.Build.0 = Release|Any CPU
		{BAF8966A-F127-4573-BD14-AC9009032B7A}.Debug|Any CPU.ActiveCfg = Debug|Any CPU
		{BAF8966A-F127-4573-BD14-AC9009032B7A}.Debug|Any CPU.Build.0 = Debug|Any CPU
		{BAF8966A-F127-4573-BD14-AC9009032B7A}.Release|Any CPU.ActiveCfg = Release|Any CPU
		{BAF8966A-F127-4573-BD14-AC9009032B7A}.Release|Any CPU.Build.0 = Release|Any CPU
		{271BEC4E-B044-4A56-87A9-421605B684A3}.Debug|Any CPU.ActiveCfg = Debug|Any CPU
		{271BEC4E-B044-4A56-87A9-421605B684A3}.Debug|Any CPU.Build.0 = Debug|Any CPU
		{271BEC4E-B044-4A56-87A9-421605B684A3}.Release|Any CPU.ActiveCfg = Release|Any CPU
		{271BEC4E-B044-4A56-87A9-421605B684A3}.Release|Any CPU.Build.0 = Release|Any CPU
		{9191DDC0-1080-48C5-B5A5-9BC7F6DD0760}.Debug|Any CPU.ActiveCfg = Debug|Any CPU
		{9191DDC0-1080-48C5-B5A5-9BC7F6DD0760}.Debug|Any CPU.Build.0 = Debug|Any CPU
		{9191DDC0-1080-48C5-B5A5-9BC7F6DD0760}.Release|Any CPU.ActiveCfg = Release|Any CPU
		{9191DDC0-1080-48C5-B5A5-9BC7F6DD0760}.Release|Any CPU.Build.0 = Release|Any CPU
		{35F36091-43AF-4D33-904E-E50E5AA03D16}.Debug|Any CPU.ActiveCfg = Debug|Any CPU
		{35F36091-43AF-4D33-904E-E50E5AA03D16}.Debug|Any CPU.Build.0 = Debug|Any CPU
		{35F36091-43AF-4D33-904E-E50E5AA03D16}.Release|Any CPU.ActiveCfg = Release|Any CPU
		{35F36091-43AF-4D33-904E-E50E5AA03D16}.Release|Any CPU.Build.0 = Release|Any CPU
		{1DA7EA61-3525-41AC-9498-4B9468F07A6C}.Debug|Any CPU.ActiveCfg = Debug|Any CPU
		{1DA7EA61-3525-41AC-9498-4B9468F07A6C}.Debug|Any CPU.Build.0 = Debug|Any CPU
		{1DA7EA61-3525-41AC-9498-4B9468F07A6C}.Release|Any CPU.ActiveCfg = Release|Any CPU
		{1DA7EA61-3525-41AC-9498-4B9468F07A6C}.Release|Any CPU.Build.0 = Release|Any CPU
		{4D312FDE-6708-48EE-9BBA-BFBE9106C1C1}.Debug|Any CPU.ActiveCfg = Debug|Any CPU
		{4D312FDE-6708-48EE-9BBA-BFBE9106C1C1}.Debug|Any CPU.Build.0 = Debug|Any CPU
		{4D312FDE-6708-48EE-9BBA-BFBE9106C1C1}.Release|Any CPU.ActiveCfg = Release|Any CPU
		{4D312FDE-6708-48EE-9BBA-BFBE9106C1C1}.Release|Any CPU.Build.0 = Release|Any CPU
		{81582260-8A24-43FD-8331-0D073C3CFBE3}.Debug|Any CPU.ActiveCfg = Debug|Any CPU
		{81582260-8A24-43FD-8331-0D073C3CFBE3}.Debug|Any CPU.Build.0 = Debug|Any CPU
		{81582260-8A24-43FD-8331-0D073C3CFBE3}.Release|Any CPU.ActiveCfg = Release|Any CPU
		{81582260-8A24-43FD-8331-0D073C3CFBE3}.Release|Any CPU.Build.0 = Release|Any CPU
		{9D1BC91E-B460-4C87-9643-7B795216AF3E}.Debug|Any CPU.ActiveCfg = Debug|Any CPU
		{9D1BC91E-B460-4C87-9643-7B795216AF3E}.Debug|Any CPU.Build.0 = Debug|Any CPU
		{9D1BC91E-B460-4C87-9643-7B795216AF3E}.Release|Any CPU.ActiveCfg = Release|Any CPU
		{9D1BC91E-B460-4C87-9643-7B795216AF3E}.Release|Any CPU.Build.0 = Release|Any CPU
	EndGlobalSection
	GlobalSection(SolutionProperties) = preSolution
		HideSolutionNode = FALSE
	EndGlobalSection
	GlobalSection(ExtensibilityGlobals) = postSolution
		SolutionGuid = {1BC955FC-0BEB-4519-9974-7FB0FBA9C5DF}
	EndGlobalSection
EndGlobal
